// !$*UTF8*$!
{
	archiveVersion = 1;
	classes = {
	};
	objectVersion = 50;
	objects = {

/* Begin PBXBuildFile section */
		F32A798124721F8500F0D1AF /* AppDelegate.swift in Sources */ = {isa = PBXBuildFile; fileRef = F32A798024721F8500F0D1AF /* AppDelegate.swift */; };
		F32A798324721F8500F0D1AF /* SceneDelegate.swift in Sources */ = {isa = PBXBuildFile; fileRef = F32A798224721F8500F0D1AF /* SceneDelegate.swift */; };
		F32A798524721F8500F0D1AF /* HomeViewController.swift in Sources */ = {isa = PBXBuildFile; fileRef = F32A798424721F8500F0D1AF /* HomeViewController.swift */; };
		F32A798724721F8500F0D1AF /* PlansViewController.swift in Sources */ = {isa = PBXBuildFile; fileRef = F32A798624721F8500F0D1AF /* PlansViewController.swift */; };
		F32A798A24721F8500F0D1AF /* Main.storyboard in Resources */ = {isa = PBXBuildFile; fileRef = F32A798824721F8500F0D1AF /* Main.storyboard */; };
		F32A798C24721F8600F0D1AF /* Assets.xcassets in Resources */ = {isa = PBXBuildFile; fileRef = F32A798B24721F8600F0D1AF /* Assets.xcassets */; };
		F32A798F24721F8600F0D1AF /* LaunchScreen.storyboard in Resources */ = {isa = PBXBuildFile; fileRef = F32A798D24721F8600F0D1AF /* LaunchScreen.storyboard */; };
		F32A799A24721F8600F0D1AF /* sidekickTests.swift in Sources */ = {isa = PBXBuildFile; fileRef = F32A799924721F8600F0D1AF /* sidekickTests.swift */; };
		F32A79A524721F8600F0D1AF /* sidekickUITests.swift in Sources */ = {isa = PBXBuildFile; fileRef = F32A79A424721F8600F0D1AF /* sidekickUITests.swift */; };
		F3FC044C24726A74006BCE6A /* ProfileViewController.swift in Sources */ = {isa = PBXBuildFile; fileRef = F3FC044B24726A74006BCE6A /* ProfileViewController.swift */; };
		F3FC044E24726FAE006BCE6A /* AppConstants.swift in Sources */ = {isa = PBXBuildFile; fileRef = F3FC044D24726FAE006BCE6A /* AppConstants.swift */; };
		F3FC045024727056006BCE6A /* RgbaUIColorExtension.swift in Sources */ = {isa = PBXBuildFile; fileRef = F3FC044F24727056006BCE6A /* RgbaUIColorExtension.swift */; };
		F3FC045224727D77006BCE6A /* Home.storyboard in Resources */ = {isa = PBXBuildFile; fileRef = F3FC045124727D77006BCE6A /* Home.storyboard */; };
		F3FC045424727D86006BCE6A /* Plans.storyboard in Resources */ = {isa = PBXBuildFile; fileRef = F3FC045324727D86006BCE6A /* Plans.storyboard */; };
		F3FC045624727D91006BCE6A /* Profile.storyboard in Resources */ = {isa = PBXBuildFile; fileRef = F3FC045524727D91006BCE6A /* Profile.storyboard */; };
		F3FC04592472813E006BCE6A /* SignUp.storyboard in Resources */ = {isa = PBXBuildFile; fileRef = F3FC04582472813E006BCE6A /* SignUp.storyboard */; };
		F3FC045B24728151006BCE6A /* SignIn.storyboard in Resources */ = {isa = PBXBuildFile; fileRef = F3FC045A24728151006BCE6A /* SignIn.storyboard */; };
		F3FC045D24728184006BCE6A /* Onboarding.storyboard in Resources */ = {isa = PBXBuildFile; fileRef = F3FC045C24728184006BCE6A /* Onboarding.storyboard */; };
/* End PBXBuildFile section */

/* Begin PBXContainerItemProxy section */
		F32A799624721F8600F0D1AF /* PBXContainerItemProxy */ = {
			isa = PBXContainerItemProxy;
			containerPortal = F32A797524721F8500F0D1AF /* Project object */;
			proxyType = 1;
			remoteGlobalIDString = F32A797C24721F8500F0D1AF;
			remoteInfo = sidekick;
		};
		F32A79A124721F8600F0D1AF /* PBXContainerItemProxy */ = {
			isa = PBXContainerItemProxy;
			containerPortal = F32A797524721F8500F0D1AF /* Project object */;
			proxyType = 1;
			remoteGlobalIDString = F32A797C24721F8500F0D1AF;
			remoteInfo = sidekick;
		};
/* End PBXContainerItemProxy section */

/* Begin PBXFileReference section */
		F32A797D24721F8500F0D1AF /* sidekick.app */ = {isa = PBXFileReference; explicitFileType = wrapper.application; includeInIndex = 0; path = sidekick.app; sourceTree = BUILT_PRODUCTS_DIR; };
		F32A798024721F8500F0D1AF /* AppDelegate.swift */ = {isa = PBXFileReference; lastKnownFileType = sourcecode.swift; path = AppDelegate.swift; sourceTree = "<group>"; };
		F32A798224721F8500F0D1AF /* SceneDelegate.swift */ = {isa = PBXFileReference; lastKnownFileType = sourcecode.swift; path = SceneDelegate.swift; sourceTree = "<group>"; };
		F32A798424721F8500F0D1AF /* HomeViewController.swift */ = {isa = PBXFileReference; lastKnownFileType = sourcecode.swift; path = HomeViewController.swift; sourceTree = "<group>"; };
		F32A798624721F8500F0D1AF /* PlansViewController.swift */ = {isa = PBXFileReference; lastKnownFileType = sourcecode.swift; path = PlansViewController.swift; sourceTree = "<group>"; };
		F32A798924721F8500F0D1AF /* Base */ = {isa = PBXFileReference; lastKnownFileType = file.storyboard; name = Base; path = Base.lproj/Main.storyboard; sourceTree = "<group>"; };
		F32A798B24721F8600F0D1AF /* Assets.xcassets */ = {isa = PBXFileReference; lastKnownFileType = folder.assetcatalog; path = Assets.xcassets; sourceTree = "<group>"; };
		F32A798E24721F8600F0D1AF /* Base */ = {isa = PBXFileReference; lastKnownFileType = file.storyboard; name = Base; path = Base.lproj/LaunchScreen.storyboard; sourceTree = "<group>"; };
		F32A799024721F8600F0D1AF /* Info.plist */ = {isa = PBXFileReference; lastKnownFileType = text.plist.xml; path = Info.plist; sourceTree = "<group>"; };
		F32A799524721F8600F0D1AF /* sidekickTests.xctest */ = {isa = PBXFileReference; explicitFileType = wrapper.cfbundle; includeInIndex = 0; path = sidekickTests.xctest; sourceTree = BUILT_PRODUCTS_DIR; };
		F32A799924721F8600F0D1AF /* sidekickTests.swift */ = {isa = PBXFileReference; lastKnownFileType = sourcecode.swift; path = sidekickTests.swift; sourceTree = "<group>"; };
		F32A799B24721F8600F0D1AF /* Info.plist */ = {isa = PBXFileReference; lastKnownFileType = text.plist.xml; path = Info.plist; sourceTree = "<group>"; };
		F32A79A024721F8600F0D1AF /* sidekickUITests.xctest */ = {isa = PBXFileReference; explicitFileType = wrapper.cfbundle; includeInIndex = 0; path = sidekickUITests.xctest; sourceTree = BUILT_PRODUCTS_DIR; };
		F32A79A424721F8600F0D1AF /* sidekickUITests.swift */ = {isa = PBXFileReference; lastKnownFileType = sourcecode.swift; path = sidekickUITests.swift; sourceTree = "<group>"; };
		F32A79A624721F8600F0D1AF /* Info.plist */ = {isa = PBXFileReference; lastKnownFileType = text.plist.xml; path = Info.plist; sourceTree = "<group>"; };
		F3FC044B24726A74006BCE6A /* ProfileViewController.swift */ = {isa = PBXFileReference; lastKnownFileType = sourcecode.swift; path = ProfileViewController.swift; sourceTree = "<group>"; };
		F3FC044D24726FAE006BCE6A /* AppConstants.swift */ = {isa = PBXFileReference; lastKnownFileType = sourcecode.swift; path = AppConstants.swift; sourceTree = "<group>"; };
		F3FC044F24727056006BCE6A /* RgbaUIColorExtension.swift */ = {isa = PBXFileReference; lastKnownFileType = sourcecode.swift; path = RgbaUIColorExtension.swift; sourceTree = "<group>"; };
		F3FC045124727D77006BCE6A /* Home.storyboard */ = {isa = PBXFileReference; lastKnownFileType = file.storyboard; path = Home.storyboard; sourceTree = "<group>"; };
		F3FC045324727D86006BCE6A /* Plans.storyboard */ = {isa = PBXFileReference; lastKnownFileType = file.storyboard; path = Plans.storyboard; sourceTree = "<group>"; };
		F3FC045524727D91006BCE6A /* Profile.storyboard */ = {isa = PBXFileReference; lastKnownFileType = file.storyboard; path = Profile.storyboard; sourceTree = "<group>"; };
		F3FC04582472813E006BCE6A /* SignUp.storyboard */ = {isa = PBXFileReference; lastKnownFileType = file.storyboard; path = SignUp.storyboard; sourceTree = "<group>"; };
		F3FC045A24728151006BCE6A /* SignIn.storyboard */ = {isa = PBXFileReference; lastKnownFileType = file.storyboard; path = SignIn.storyboard; sourceTree = "<group>"; };
		F3FC045C24728184006BCE6A /* Onboarding.storyboard */ = {isa = PBXFileReference; lastKnownFileType = file.storyboard; path = Onboarding.storyboard; sourceTree = "<group>"; };
/* End PBXFileReference section */

/* Begin PBXFrameworksBuildPhase section */
		F32A797A24721F8500F0D1AF /* Frameworks */ = {
			isa = PBXFrameworksBuildPhase;
			buildActionMask = 2147483647;
			files = (
			);
			runOnlyForDeploymentPostprocessing = 0;
		};
		F32A799224721F8600F0D1AF /* Frameworks */ = {
			isa = PBXFrameworksBuildPhase;
			buildActionMask = 2147483647;
			files = (
			);
			runOnlyForDeploymentPostprocessing = 0;
		};
		F32A799D24721F8600F0D1AF /* Frameworks */ = {
			isa = PBXFrameworksBuildPhase;
			buildActionMask = 2147483647;
			files = (
			);
			runOnlyForDeploymentPostprocessing = 0;
		};
/* End PBXFrameworksBuildPhase section */

/* Begin PBXGroup section */
		F32A797424721F8500F0D1AF = {
			isa = PBXGroup;
			children = (
				F32A797F24721F8500F0D1AF /* sidekick */,
				F32A799824721F8600F0D1AF /* sidekickTests */,
				F32A79A324721F8600F0D1AF /* sidekickUITests */,
				F32A797E24721F8500F0D1AF /* Products */,
			);
			sourceTree = "<group>";
		};
		F32A797E24721F8500F0D1AF /* Products */ = {
			isa = PBXGroup;
			children = (
				F32A797D24721F8500F0D1AF /* sidekick.app */,
				F32A799524721F8600F0D1AF /* sidekickTests.xctest */,
				F32A79A024721F8600F0D1AF /* sidekickUITests.xctest */,
			);
			name = Products;
			sourceTree = "<group>";
		};
		F32A797F24721F8500F0D1AF /* sidekick */ = {
			isa = PBXGroup;
			children = (
				F3FC045724727E65006BCE6A /* Storyboards */,
				F32A798024721F8500F0D1AF /* AppDelegate.swift */,
				F3FC044D24726FAE006BCE6A /* AppConstants.swift */,
				F3FC044F24727056006BCE6A /* RgbaUIColorExtension.swift */,
				F32A798224721F8500F0D1AF /* SceneDelegate.swift */,
				F32A798424721F8500F0D1AF /* HomeViewController.swift */,
				F3FC044B24726A74006BCE6A /* ProfileViewController.swift */,
				F32A798624721F8500F0D1AF /* PlansViewController.swift */,
				F32A798B24721F8600F0D1AF /* Assets.xcassets */,
				F32A798D24721F8600F0D1AF /* LaunchScreen.storyboard */,
				F32A799024721F8600F0D1AF /* Info.plist */,
			);
			path = sidekick;
			sourceTree = "<group>";
		};
		F32A799824721F8600F0D1AF /* sidekickTests */ = {
			isa = PBXGroup;
			children = (
				F32A799924721F8600F0D1AF /* sidekickTests.swift */,
				F32A799B24721F8600F0D1AF /* Info.plist */,
			);
			path = sidekickTests;
			sourceTree = "<group>";
		};
		F32A79A324721F8600F0D1AF /* sidekickUITests */ = {
			isa = PBXGroup;
			children = (
				F32A79A424721F8600F0D1AF /* sidekickUITests.swift */,
				F32A79A624721F8600F0D1AF /* Info.plist */,
			);
			path = sidekickUITests;
			sourceTree = "<group>";
		};
		F3FC045724727E65006BCE6A /* Storyboards */ = {
			isa = PBXGroup;
			children = (
				F32A798824721F8500F0D1AF /* Main.storyboard */,
				F3FC045124727D77006BCE6A /* Home.storyboard */,
				F3FC045324727D86006BCE6A /* Plans.storyboard */,
				F3FC045524727D91006BCE6A /* Profile.storyboard */,
				F3FC04582472813E006BCE6A /* SignUp.storyboard */,
				F3FC045A24728151006BCE6A /* SignIn.storyboard */,
				F3FC045C24728184006BCE6A /* Onboarding.storyboard */,
			);
			path = Storyboards;
			sourceTree = "<group>";
		};
/* End PBXGroup section */

/* Begin PBXNativeTarget section */
		F32A797C24721F8500F0D1AF /* sidekick */ = {
			isa = PBXNativeTarget;
			buildConfigurationList = F32A79A924721F8600F0D1AF /* Build configuration list for PBXNativeTarget "sidekick" */;
			buildPhases = (
				F32A797924721F8500F0D1AF /* Sources */,
				F32A797A24721F8500F0D1AF /* Frameworks */,
				F32A797B24721F8500F0D1AF /* Resources */,
			);
			buildRules = (
			);
			dependencies = (
			);
			name = sidekick;
			productName = sidekick;
			productReference = F32A797D24721F8500F0D1AF /* sidekick.app */;
			productType = "com.apple.product-type.application";
		};
		F32A799424721F8600F0D1AF /* sidekickTests */ = {
			isa = PBXNativeTarget;
			buildConfigurationList = F32A79AC24721F8600F0D1AF /* Build configuration list for PBXNativeTarget "sidekickTests" */;
			buildPhases = (
				F32A799124721F8600F0D1AF /* Sources */,
				F32A799224721F8600F0D1AF /* Frameworks */,
				F32A799324721F8600F0D1AF /* Resources */,
			);
			buildRules = (
			);
			dependencies = (
				F32A799724721F8600F0D1AF /* PBXTargetDependency */,
			);
			name = sidekickTests;
			productName = sidekickTests;
			productReference = F32A799524721F8600F0D1AF /* sidekickTests.xctest */;
			productType = "com.apple.product-type.bundle.unit-test";
		};
		F32A799F24721F8600F0D1AF /* sidekickUITests */ = {
			isa = PBXNativeTarget;
			buildConfigurationList = F32A79AF24721F8600F0D1AF /* Build configuration list for PBXNativeTarget "sidekickUITests" */;
			buildPhases = (
				F32A799C24721F8600F0D1AF /* Sources */,
				F32A799D24721F8600F0D1AF /* Frameworks */,
				F32A799E24721F8600F0D1AF /* Resources */,
			);
			buildRules = (
			);
			dependencies = (
				F32A79A224721F8600F0D1AF /* PBXTargetDependency */,
			);
			name = sidekickUITests;
			productName = sidekickUITests;
			productReference = F32A79A024721F8600F0D1AF /* sidekickUITests.xctest */;
			productType = "com.apple.product-type.bundle.ui-testing";
		};
/* End PBXNativeTarget section */

/* Begin PBXProject section */
		F32A797524721F8500F0D1AF /* Project object */ = {
			isa = PBXProject;
			attributes = {
				LastSwiftUpdateCheck = 1140;
				LastUpgradeCheck = 1140;
				ORGANIZATIONNAME = "Melina Sayegh";
				TargetAttributes = {
					F32A797C24721F8500F0D1AF = {
						CreatedOnToolsVersion = 11.4.1;
					};
					F32A799424721F8600F0D1AF = {
						CreatedOnToolsVersion = 11.4.1;
						TestTargetID = F32A797C24721F8500F0D1AF;
					};
					F32A799F24721F8600F0D1AF = {
						CreatedOnToolsVersion = 11.4.1;
						TestTargetID = F32A797C24721F8500F0D1AF;
					};
				};
			};
			buildConfigurationList = F32A797824721F8500F0D1AF /* Build configuration list for PBXProject "sidekick" */;
			compatibilityVersion = "Xcode 9.3";
			developmentRegion = en;
			hasScannedForEncodings = 0;
			knownRegions = (
				en,
				Base,
			);
			mainGroup = F32A797424721F8500F0D1AF;
			productRefGroup = F32A797E24721F8500F0D1AF /* Products */;
			projectDirPath = "";
			projectRoot = "";
			targets = (
				F32A797C24721F8500F0D1AF /* sidekick */,
				F32A799424721F8600F0D1AF /* sidekickTests */,
				F32A799F24721F8600F0D1AF /* sidekickUITests */,
			);
		};
/* End PBXProject section */

/* Begin PBXResourcesBuildPhase section */
		F32A797B24721F8500F0D1AF /* Resources */ = {
			isa = PBXResourcesBuildPhase;
			buildActionMask = 2147483647;
			files = (
				F3FC045B24728151006BCE6A /* SignIn.storyboard in Resources */,
				F3FC045624727D91006BCE6A /* Profile.storyboard in Resources */,
				F32A798F24721F8600F0D1AF /* LaunchScreen.storyboard in Resources */,
				F32A798C24721F8600F0D1AF /* Assets.xcassets in Resources */,
				F3FC04592472813E006BCE6A /* SignUp.storyboard in Resources */,
				F32A798A24721F8500F0D1AF /* Main.storyboard in Resources */,
				F3FC045D24728184006BCE6A /* Onboarding.storyboard in Resources */,
				F3FC045424727D86006BCE6A /* Plans.storyboard in Resources */,
				F3FC045224727D77006BCE6A /* Home.storyboard in Resources */,
			);
			runOnlyForDeploymentPostprocessing = 0;
		};
		F32A799324721F8600F0D1AF /* Resources */ = {
			isa = PBXResourcesBuildPhase;
			buildActionMask = 2147483647;
			files = (
			);
			runOnlyForDeploymentPostprocessing = 0;
		};
		F32A799E24721F8600F0D1AF /* Resources */ = {
			isa = PBXResourcesBuildPhase;
			buildActionMask = 2147483647;
			files = (
			);
			runOnlyForDeploymentPostprocessing = 0;
		};
/* End PBXResourcesBuildPhase section */

/* Begin PBXSourcesBuildPhase section */
		F32A797924721F8500F0D1AF /* Sources */ = {
			isa = PBXSourcesBuildPhase;
			buildActionMask = 2147483647;
			files = (
				F3FC045024727056006BCE6A /* RgbaUIColorExtension.swift in Sources */,
				F32A798724721F8500F0D1AF /* PlansViewController.swift in Sources */,
				F3FC044E24726FAE006BCE6A /* AppConstants.swift in Sources */,
				F32A798524721F8500F0D1AF /* HomeViewController.swift in Sources */,
				F3FC044C24726A74006BCE6A /* ProfileViewController.swift in Sources */,
				F32A798124721F8500F0D1AF /* AppDelegate.swift in Sources */,
				F32A798324721F8500F0D1AF /* SceneDelegate.swift in Sources */,
			);
			runOnlyForDeploymentPostprocessing = 0;
		};
		F32A799124721F8600F0D1AF /* Sources */ = {
			isa = PBXSourcesBuildPhase;
			buildActionMask = 2147483647;
			files = (
				F32A799A24721F8600F0D1AF /* sidekickTests.swift in Sources */,
			);
			runOnlyForDeploymentPostprocessing = 0;
		};
		F32A799C24721F8600F0D1AF /* Sources */ = {
			isa = PBXSourcesBuildPhase;
			buildActionMask = 2147483647;
			files = (
				F32A79A524721F8600F0D1AF /* sidekickUITests.swift in Sources */,
			);
			runOnlyForDeploymentPostprocessing = 0;
		};
/* End PBXSourcesBuildPhase section */

/* Begin PBXTargetDependency section */
		F32A799724721F8600F0D1AF /* PBXTargetDependency */ = {
			isa = PBXTargetDependency;
			target = F32A797C24721F8500F0D1AF /* sidekick */;
			targetProxy = F32A799624721F8600F0D1AF /* PBXContainerItemProxy */;
		};
		F32A79A224721F8600F0D1AF /* PBXTargetDependency */ = {
			isa = PBXTargetDependency;
			target = F32A797C24721F8500F0D1AF /* sidekick */;
			targetProxy = F32A79A124721F8600F0D1AF /* PBXContainerItemProxy */;
		};
/* End PBXTargetDependency section */

/* Begin PBXVariantGroup section */
		F32A798824721F8500F0D1AF /* Main.storyboard */ = {
			isa = PBXVariantGroup;
			children = (
				F32A798924721F8500F0D1AF /* Base */,
			);
			name = Main.storyboard;
			sourceTree = "<group>";
		};
		F32A798D24721F8600F0D1AF /* LaunchScreen.storyboard */ = {
			isa = PBXVariantGroup;
			children = (
				F32A798E24721F8600F0D1AF /* Base */,
			);
			name = LaunchScreen.storyboard;
			sourceTree = "<group>";
		};
/* End PBXVariantGroup section */

/* Begin XCBuildConfiguration section */
		F32A79A724721F8600F0D1AF /* Debug */ = {
			isa = XCBuildConfiguration;
			buildSettings = {
				ALWAYS_SEARCH_USER_PATHS = NO;
				CLANG_ANALYZER_NONNULL = YES;
				CLANG_ANALYZER_NUMBER_OBJECT_CONVERSION = YES_AGGRESSIVE;
				CLANG_CXX_LANGUAGE_STANDARD = "gnu++14";
				CLANG_CXX_LIBRARY = "libc++";
				CLANG_ENABLE_MODULES = YES;
				CLANG_ENABLE_OBJC_ARC = YES;
				CLANG_ENABLE_OBJC_WEAK = YES;
				CLANG_WARN_BLOCK_CAPTURE_AUTORELEASING = YES;
				CLANG_WARN_BOOL_CONVERSION = YES;
				CLANG_WARN_COMMA = YES;
				CLANG_WARN_CONSTANT_CONVERSION = YES;
				CLANG_WARN_DEPRECATED_OBJC_IMPLEMENTATIONS = YES;
				CLANG_WARN_DIRECT_OBJC_ISA_USAGE = YES_ERROR;
				CLANG_WARN_DOCUMENTATION_COMMENTS = YES;
				CLANG_WARN_EMPTY_BODY = YES;
				CLANG_WARN_ENUM_CONVERSION = YES;
				CLANG_WARN_INFINITE_RECURSION = YES;
				CLANG_WARN_INT_CONVERSION = YES;
				CLANG_WARN_NON_LITERAL_NULL_CONVERSION = YES;
				CLANG_WARN_OBJC_IMPLICIT_RETAIN_SELF = YES;
				CLANG_WARN_OBJC_LITERAL_CONVERSION = YES;
				CLANG_WARN_OBJC_ROOT_CLASS = YES_ERROR;
				CLANG_WARN_RANGE_LOOP_ANALYSIS = YES;
				CLANG_WARN_STRICT_PROTOTYPES = YES;
				CLANG_WARN_SUSPICIOUS_MOVE = YES;
				CLANG_WARN_UNGUARDED_AVAILABILITY = YES_AGGRESSIVE;
				CLANG_WARN_UNREACHABLE_CODE = YES;
				CLANG_WARN__DUPLICATE_METHOD_MATCH = YES;
				COPY_PHASE_STRIP = NO;
				DEBUG_INFORMATION_FORMAT = dwarf;
				ENABLE_STRICT_OBJC_MSGSEND = YES;
				ENABLE_TESTABILITY = YES;
				GCC_C_LANGUAGE_STANDARD = gnu11;
				GCC_DYNAMIC_NO_PIC = NO;
				GCC_NO_COMMON_BLOCKS = YES;
				GCC_OPTIMIZATION_LEVEL = 0;
				GCC_PREPROCESSOR_DEFINITIONS = (
					"DEBUG=1",
					"$(inherited)",
				);
				GCC_WARN_64_TO_32_BIT_CONVERSION = YES;
				GCC_WARN_ABOUT_RETURN_TYPE = YES_ERROR;
				GCC_WARN_UNDECLARED_SELECTOR = YES;
				GCC_WARN_UNINITIALIZED_AUTOS = YES_AGGRESSIVE;
				GCC_WARN_UNUSED_FUNCTION = YES;
				GCC_WARN_UNUSED_VARIABLE = YES;
				IPHONEOS_DEPLOYMENT_TARGET = 13.4;
				MTL_ENABLE_DEBUG_INFO = INCLUDE_SOURCE;
				MTL_FAST_MATH = YES;
				ONLY_ACTIVE_ARCH = YES;
				SDKROOT = iphoneos;
				SWIFT_ACTIVE_COMPILATION_CONDITIONS = DEBUG;
				SWIFT_OPTIMIZATION_LEVEL = "-Onone";
			};
			name = Debug;
		};
		F32A79A824721F8600F0D1AF /* Release */ = {
			isa = XCBuildConfiguration;
			buildSettings = {
				ALWAYS_SEARCH_USER_PATHS = NO;
				CLANG_ANALYZER_NONNULL = YES;
				CLANG_ANALYZER_NUMBER_OBJECT_CONVERSION = YES_AGGRESSIVE;
				CLANG_CXX_LANGUAGE_STANDARD = "gnu++14";
				CLANG_CXX_LIBRARY = "libc++";
				CLANG_ENABLE_MODULES = YES;
				CLANG_ENABLE_OBJC_ARC = YES;
				CLANG_ENABLE_OBJC_WEAK = YES;
				CLANG_WARN_BLOCK_CAPTURE_AUTORELEASING = YES;
				CLANG_WARN_BOOL_CONVERSION = YES;
				CLANG_WARN_COMMA = YES;
				CLANG_WARN_CONSTANT_CONVERSION = YES;
				CLANG_WARN_DEPRECATED_OBJC_IMPLEMENTATIONS = YES;
				CLANG_WARN_DIRECT_OBJC_ISA_USAGE = YES_ERROR;
				CLANG_WARN_DOCUMENTATION_COMMENTS = YES;
				CLANG_WARN_EMPTY_BODY = YES;
				CLANG_WARN_ENUM_CONVERSION = YES;
				CLANG_WARN_INFINITE_RECURSION = YES;
				CLANG_WARN_INT_CONVERSION = YES;
				CLANG_WARN_NON_LITERAL_NULL_CONVERSION = YES;
				CLANG_WARN_OBJC_IMPLICIT_RETAIN_SELF = YES;
				CLANG_WARN_OBJC_LITERAL_CONVERSION = YES;
				CLANG_WARN_OBJC_ROOT_CLASS = YES_ERROR;
				CLANG_WARN_RANGE_LOOP_ANALYSIS = YES;
				CLANG_WARN_STRICT_PROTOTYPES = YES;
				CLANG_WARN_SUSPICIOUS_MOVE = YES;
				CLANG_WARN_UNGUARDED_AVAILABILITY = YES_AGGRESSIVE;
				CLANG_WARN_UNREACHABLE_CODE = YES;
				CLANG_WARN__DUPLICATE_METHOD_MATCH = YES;
				COPY_PHASE_STRIP = NO;
				DEBUG_INFORMATION_FORMAT = "dwarf-with-dsym";
				ENABLE_NS_ASSERTIONS = NO;
				ENABLE_STRICT_OBJC_MSGSEND = YES;
				GCC_C_LANGUAGE_STANDARD = gnu11;
				GCC_NO_COMMON_BLOCKS = YES;
				GCC_WARN_64_TO_32_BIT_CONVERSION = YES;
				GCC_WARN_ABOUT_RETURN_TYPE = YES_ERROR;
				GCC_WARN_UNDECLARED_SELECTOR = YES;
				GCC_WARN_UNINITIALIZED_AUTOS = YES_AGGRESSIVE;
				GCC_WARN_UNUSED_FUNCTION = YES;
				GCC_WARN_UNUSED_VARIABLE = YES;
				IPHONEOS_DEPLOYMENT_TARGET = 13.4;
				MTL_ENABLE_DEBUG_INFO = NO;
				MTL_FAST_MATH = YES;
				SDKROOT = iphoneos;
				SWIFT_COMPILATION_MODE = wholemodule;
				SWIFT_OPTIMIZATION_LEVEL = "-O";
				VALIDATE_PRODUCT = YES;
			};
			name = Release;
		};
		F32A79AA24721F8600F0D1AF /* Debug */ = {
			isa = XCBuildConfiguration;
			buildSettings = {
				ASSETCATALOG_COMPILER_APPICON_NAME = AppIcon;
				CODE_SIGN_STYLE = Automatic;
				DEVELOPMENT_TEAM = RLP2WF39HL;
				INFOPLIST_FILE = sidekick/Info.plist;
				LD_RUNPATH_SEARCH_PATHS = (
					"$(inherited)",
					"@executable_path/Frameworks",
				);
				PRODUCT_BUNDLE_IDENTIFIER = Melina.sidekick;
				PRODUCT_NAME = "$(TARGET_NAME)";
				SWIFT_VERSION = 5.0;
				TARGETED_DEVICE_FAMILY = "1,2";
			};
			name = Debug;
		};
		F32A79AB24721F8600F0D1AF /* Release */ = {
			isa = XCBuildConfiguration;
			buildSettings = {
				ASSETCATALOG_COMPILER_APPICON_NAME = AppIcon;
				CODE_SIGN_STYLE = Automatic;
				DEVELOPMENT_TEAM = RLP2WF39HL;
				INFOPLIST_FILE = sidekick/Info.plist;
				LD_RUNPATH_SEARCH_PATHS = (
					"$(inherited)",
					"@executable_path/Frameworks",
				);
				PRODUCT_BUNDLE_IDENTIFIER = Melina.sidekick;
				PRODUCT_NAME = "$(TARGET_NAME)";
				SWIFT_VERSION = 5.0;
				TARGETED_DEVICE_FAMILY = "1,2";
			};
			name = Release;
		};
		F32A79AD24721F8600F0D1AF /* Debug */ = {
			isa = XCBuildConfiguration;
			buildSettings = {
				ALWAYS_EMBED_SWIFT_STANDARD_LIBRARIES = YES;
				BUNDLE_LOADER = "$(TEST_HOST)";
				CODE_SIGN_STYLE = Automatic;
				DEVELOPMENT_TEAM = RLP2WF39HL;
				INFOPLIST_FILE = sidekickTests/Info.plist;
				IPHONEOS_DEPLOYMENT_TARGET = 13.4;
				LD_RUNPATH_SEARCH_PATHS = (
					"$(inherited)",
					"@executable_path/Frameworks",
					"@loader_path/Frameworks",
				);
				PRODUCT_BUNDLE_IDENTIFIER = Melina.sidekickTests;
				PRODUCT_NAME = "$(TARGET_NAME)";
				SWIFT_VERSION = 5.0;
				TARGETED_DEVICE_FAMILY = "1,2";
				TEST_HOST = "$(BUILT_PRODUCTS_DIR)/sidekick.app/sidekick";
			};
			name = Debug;
		};
		F32A79AE24721F8600F0D1AF /* Release */ = {
			isa = XCBuildConfiguration;
			buildSettings = {
				ALWAYS_EMBED_SWIFT_STANDARD_LIBRARIES = YES;
				BUNDLE_LOADER = "$(TEST_HOST)";
				CODE_SIGN_STYLE = Automatic;
				DEVELOPMENT_TEAM = RLP2WF39HL;
				INFOPLIST_FILE = sidekickTests/Info.plist;
				IPHONEOS_DEPLOYMENT_TARGET = 13.4;
				LD_RUNPATH_SEARCH_PATHS = (
					"$(inherited)",
					"@executable_path/Frameworks",
					"@loader_path/Frameworks",
				);
				PRODUCT_BUNDLE_IDENTIFIER = Melina.sidekickTests;
				PRODUCT_NAME = "$(TARGET_NAME)";
				SWIFT_VERSION = 5.0;
				TARGETED_DEVICE_FAMILY = "1,2";
				TEST_HOST = "$(BUILT_PRODUCTS_DIR)/sidekick.app/sidekick";
			};
			name = Release;
		};
		F32A79B024721F8600F0D1AF /* Debug */ = {
			isa = XCBuildConfiguration;
			buildSettings = {
				ALWAYS_EMBED_SWIFT_STANDARD_LIBRARIES = YES;
				CODE_SIGN_STYLE = Automatic;
				DEVELOPMENT_TEAM = RLP2WF39HL;
				INFOPLIST_FILE = sidekickUITests/Info.plist;
				LD_RUNPATH_SEARCH_PATHS = (
					"$(inherited)",
					"@executable_path/Frameworks",
					"@loader_path/Frameworks",
				);
				PRODUCT_BUNDLE_IDENTIFIER = Melina.sidekickUITests;
				PRODUCT_NAME = "$(TARGET_NAME)";
				SWIFT_VERSION = 5.0;
				TARGETED_DEVICE_FAMILY = "1,2";
				TEST_TARGET_NAME = sidekick;
			};
			name = Debug;
		};
		F32A79B124721F8600F0D1AF /* Release */ = {
			isa = XCBuildConfiguration;
			buildSettings = {
				ALWAYS_EMBED_SWIFT_STANDARD_LIBRARIES = YES;
				CODE_SIGN_STYLE = Automatic;
				DEVELOPMENT_TEAM = RLP2WF39HL;
				INFOPLIST_FILE = sidekickUITests/Info.plist;
				LD_RUNPATH_SEARCH_PATHS = (
					"$(inherited)",
					"@executable_path/Frameworks",
					"@loader_path/Frameworks",
				);
				PRODUCT_BUNDLE_IDENTIFIER = Melina.sidekickUITests;
				PRODUCT_NAME = "$(TARGET_NAME)";
				SWIFT_VERSION = 5.0;
				TARGETED_DEVICE_FAMILY = "1,2";
				TEST_TARGET_NAME = sidekick;
			};
			name = Release;
		};
/* End XCBuildConfiguration section */

/* Begin XCConfigurationList section */
		F32A797824721F8500F0D1AF /* Build configuration list for PBXProject "sidekick" */ = {
			isa = XCConfigurationList;
			buildConfigurations = (
				F32A79A724721F8600F0D1AF /* Debug */,
				F32A79A824721F8600F0D1AF /* Release */,
			);
			defaultConfigurationIsVisible = 0;
			defaultConfigurationName = Release;
		};
		F32A79A924721F8600F0D1AF /* Build configuration list for PBXNativeTarget "sidekick" */ = {
			isa = XCConfigurationList;
			buildConfigurations = (
				F32A79AA24721F8600F0D1AF /* Debug */,
				F32A79AB24721F8600F0D1AF /* Release */,
			);
			defaultConfigurationIsVisible = 0;
			defaultConfigurationName = Release;
		};
		F32A79AC24721F8600F0D1AF /* Build configuration list for PBXNativeTarget "sidekickTests" */ = {
			isa = XCConfigurationList;
			buildConfigurations = (
				F32A79AD24721F8600F0D1AF /* Debug */,
				F32A79AE24721F8600F0D1AF /* Release */,
			);
			defaultConfigurationIsVisible = 0;
			defaultConfigurationName = Release;
		};
		F32A79AF24721F8600F0D1AF /* Build configuration list for PBXNativeTarget "sidekickUITests" */ = {
			isa = XCConfigurationList;
			buildConfigurations = (
				F32A79B024721F8600F0D1AF /* Debug */,
				F32A79B124721F8600F0D1AF /* Release */,
			);
			defaultConfigurationIsVisible = 0;
			defaultConfigurationName = Release;
		};
/* End XCConfigurationList section */
	};
	rootObject = F32A797524721F8500F0D1AF /* Project object */;
}
