// !$*UTF8*$!
{
	archiveVersion = 1;
	classes = {
	};
	objectVersion = 50;
	objects = {

/* Begin PBXBuildFile section */
		F32A798124721F8500F0D1AF /* AppDelegate.swift in Sources */ = {isa = PBXBuildFile; fileRef = F32A798024721F8500F0D1AF /* AppDelegate.swift */; };
		F32A798324721F8500F0D1AF /* SceneDelegate.swift in Sources */ = {isa = PBXBuildFile; fileRef = F32A798224721F8500F0D1AF /* SceneDelegate.swift */; };
		F32A798524721F8500F0D1AF /* HomeViewController.swift in Sources */ = {isa = PBXBuildFile; fileRef = F32A798424721F8500F0D1AF /* HomeViewController.swift */; };
		F32A798724721F8500F0D1AF /* PlansViewController.swift in Sources */ = {isa = PBXBuildFile; fileRef = F32A798624721F8500F0D1AF /* PlansViewController.swift */; };
		F32A798A24721F8500F0D1AF /* Main.storyboard in Resources */ = {isa = PBXBuildFile; fileRef = F32A798824721F8500F0D1AF /* Main.storyboard */; };
		F32A798C24721F8600F0D1AF /* Assets.xcassets in Resources */ = {isa = PBXBuildFile; fileRef = F32A798B24721F8600F0D1AF /* Assets.xcassets */; };
		F32A798F24721F8600F0D1AF /* LaunchScreen.storyboard in Resources */ = {isa = PBXBuildFile; fileRef = F32A798D24721F8600F0D1AF /* LaunchScreen.storyboard */; };
		F32A799A24721F8600F0D1AF /* sidekickTests.swift in Sources */ = {isa = PBXBuildFile; fileRef = F32A799924721F8600F0D1AF /* sidekickTests.swift */; };
		F32A79A524721F8600F0D1AF /* sidekickUITests.swift in Sources */ = {isa = PBXBuildFile; fileRef = F32A79A424721F8600F0D1AF /* sidekickUITests.swift */; };
		F33347A024762E4800E5A4A9 /* UnderlinedTextField.swift in Sources */ = {isa = PBXBuildFile; fileRef = F333479F24762E4800E5A4A9 /* UnderlinedTextField.swift */; };
		F33347A224763B5100E5A4A9 /* PasswordViewController.swift in Sources */ = {isa = PBXBuildFile; fileRef = F33347A124763B5100E5A4A9 /* PasswordViewController.swift */; };
		F33347A624764CBA00E5A4A9 /* OnboardingQuestionViewController.swift in Sources */ = {isa = PBXBuildFile; fileRef = F33347A524764CBA00E5A4A9 /* OnboardingQuestionViewController.swift */; };
		F35F0218247769C4008AC531 /* OnboardingPageViewController.swift in Sources */ = {isa = PBXBuildFile; fileRef = F35F0217247769C4008AC531 /* OnboardingPageViewController.swift */; };
		F35F021D24776E6B008AC531 /* Model.swift in Sources */ = {isa = PBXBuildFile; fileRef = F35F021C24776E6B008AC531 /* Model.swift */; };
		F35F021F2477709C008AC531 /* OnboardingAnswerCell.swift in Sources */ = {isa = PBXBuildFile; fileRef = F35F021E2477709C008AC531 /* OnboardingAnswerCell.swift */; };
		F35F02252477750D008AC531 /* OnboardingAnswer.swift in Sources */ = {isa = PBXBuildFile; fileRef = F35F02242477750D008AC531 /* OnboardingAnswer.swift */; };
		F3A4E0BC24748CF000CC5003 /* EnableSignUpViewController.swift in Sources */ = {isa = PBXBuildFile; fileRef = F3A4E0BB24748CF000CC5003 /* EnableSignUpViewController.swift */; };
		F3A4E0BE2474950200CC5003 /* EnableNotificationsViewController.swift in Sources */ = {isa = PBXBuildFile; fileRef = F3A4E0BD2474950200CC5003 /* EnableNotificationsViewController.swift */; };
		F3A4E0C02474953D00CC5003 /* GetStartedViewController.swift in Sources */ = {isa = PBXBuildFile; fileRef = F3A4E0BF2474953D00CC5003 /* GetStartedViewController.swift */; };
		F3A4E0C424749CF400CC5003 /* GradientView.swift in Sources */ = {isa = PBXBuildFile; fileRef = F3A4E0C324749CF400CC5003 /* GradientView.swift */; };
		F3A4E0C82474B4AF00CC5003 /* OnboardingBaseViewController.swift in Sources */ = {isa = PBXBuildFile; fileRef = F3A4E0C72474B4AF00CC5003 /* OnboardingBaseViewController.swift */; };
		F3D1235224731E36008389D4 /* Muli-Italic-VariableFont_wght.ttf in Resources */ = {isa = PBXBuildFile; fileRef = F3D1233B24731D01008389D4 /* Muli-Italic-VariableFont_wght.ttf */; };
		F3D1235324731E39008389D4 /* Muli-VariableFont_wght.ttf in Resources */ = {isa = PBXBuildFile; fileRef = F3D1233C24731D01008389D4 /* Muli-VariableFont_wght.ttf */; };
		F3D1235424731E41008389D4 /* Muli-LightItalic.ttf in Resources */ = {isa = PBXBuildFile; fileRef = F3D1234D24731D01008389D4 /* Muli-LightItalic.ttf */; };
		F3D1235524731E44008389D4 /* Muli-Regular.ttf in Resources */ = {isa = PBXBuildFile; fileRef = F3D1234C24731D01008389D4 /* Muli-Regular.ttf */; };
		F3D1235624731E47008389D4 /* Muli-Light.ttf in Resources */ = {isa = PBXBuildFile; fileRef = F3D1234B24731D01008389D4 /* Muli-Light.ttf */; };
		F3D1235724731E4A008389D4 /* Muli-BlackItalic.ttf in Resources */ = {isa = PBXBuildFile; fileRef = F3D1234A24731D01008389D4 /* Muli-BlackItalic.ttf */; };
		F3D1235824731E4C008389D4 /* Muli-SemiBoldItalic.ttf in Resources */ = {isa = PBXBuildFile; fileRef = F3D1234924731D01008389D4 /* Muli-SemiBoldItalic.ttf */; };
		F3D1235924731E4F008389D4 /* Muli-SemiBold.ttf in Resources */ = {isa = PBXBuildFile; fileRef = F3D1234824731D01008389D4 /* Muli-SemiBold.ttf */; };
		F3D1235A24731E52008389D4 /* Muli-Italic.ttf in Resources */ = {isa = PBXBuildFile; fileRef = F3D1234724731D01008389D4 /* Muli-Italic.ttf */; };
		F3D1235B24731E54008389D4 /* Muli-ExtraBoldItalic.ttf in Resources */ = {isa = PBXBuildFile; fileRef = F3D1234624731D01008389D4 /* Muli-ExtraBoldItalic.ttf */; };
		F3D1235C24731E57008389D4 /* Muli-Bold.ttf in Resources */ = {isa = PBXBuildFile; fileRef = F3D1234524731D01008389D4 /* Muli-Bold.ttf */; };
		F3D1235D24731E59008389D4 /* Muli-ExtraBold.ttf in Resources */ = {isa = PBXBuildFile; fileRef = F3D1234424731D01008389D4 /* Muli-ExtraBold.ttf */; };
		F3D1235E24731E5B008389D4 /* Muli-MediumItalic.ttf in Resources */ = {isa = PBXBuildFile; fileRef = F3D1234324731D01008389D4 /* Muli-MediumItalic.ttf */; };
		F3D1235F24731E5E008389D4 /* Muli-Medium.ttf in Resources */ = {isa = PBXBuildFile; fileRef = F3D1234224731D01008389D4 /* Muli-Medium.ttf */; };
		F3D1236024731E61008389D4 /* Muli-Black.ttf in Resources */ = {isa = PBXBuildFile; fileRef = F3D1234124731D01008389D4 /* Muli-Black.ttf */; };
		F3D1236124731E63008389D4 /* Muli-BoldItalic.ttf in Resources */ = {isa = PBXBuildFile; fileRef = F3D1234024731D01008389D4 /* Muli-BoldItalic.ttf */; };
		F3D1236224731E66008389D4 /* Muli-ExtraLightItalic.ttf in Resources */ = {isa = PBXBuildFile; fileRef = F3D1233F24731D01008389D4 /* Muli-ExtraLightItalic.ttf */; };
		F3D1236324731E68008389D4 /* Muli-ExtraLight.ttf in Resources */ = {isa = PBXBuildFile; fileRef = F3D1233E24731D01008389D4 /* Muli-ExtraLight.ttf */; };
		F3D1236C2473227B008389D4 /* BalooBhai2-ExtraBold.ttf in Resources */ = {isa = PBXBuildFile; fileRef = F3D123672473227B008389D4 /* BalooBhai2-ExtraBold.ttf */; };
		F3D1236D2473227B008389D4 /* BalooBhai2-Regular.ttf in Resources */ = {isa = PBXBuildFile; fileRef = F3D123682473227B008389D4 /* BalooBhai2-Regular.ttf */; };
		F3D1236E2473227B008389D4 /* BalooBhai2-SemiBold.ttf in Resources */ = {isa = PBXBuildFile; fileRef = F3D123692473227B008389D4 /* BalooBhai2-SemiBold.ttf */; };
		F3D1236F2473227B008389D4 /* BalooBhai2-Medium.ttf in Resources */ = {isa = PBXBuildFile; fileRef = F3D1236A2473227B008389D4 /* BalooBhai2-Medium.ttf */; };
		F3D123702473227B008389D4 /* BalooBhai2-Bold.ttf in Resources */ = {isa = PBXBuildFile; fileRef = F3D1236B2473227B008389D4 /* BalooBhai2-Bold.ttf */; };
		F3D12373247331C1008389D4 /* UIView+Extension.swift in Sources */ = {isa = PBXBuildFile; fileRef = F3D12372247331C1008389D4 /* UIView+Extension.swift */; };
		F3D12375247335C5008389D4 /* SignUpViewController.swift in Sources */ = {isa = PBXBuildFile; fileRef = F3D12374247335C5008389D4 /* SignUpViewController.swift */; };
		F3D1237724733824008389D4 /* LandingPage.storyboard in Resources */ = {isa = PBXBuildFile; fileRef = F3D1237624733824008389D4 /* LandingPage.storyboard */; };
		F3D1237924733833008389D4 /* LandingPageViewController.swift in Sources */ = {isa = PBXBuildFile; fileRef = F3D1237824733833008389D4 /* LandingPageViewController.swift */; };
		F3D1237B2473384E008389D4 /* SignInViewController.swift in Sources */ = {isa = PBXBuildFile; fileRef = F3D1237A2473384E008389D4 /* SignInViewController.swift */; };
		F3D1237D247338EF008389D4 /* OnboardingPhasesViewController.swift in Sources */ = {isa = PBXBuildFile; fileRef = F3D1237C247338EF008389D4 /* OnboardingPhasesViewController.swift */; };
		F3D1237F24734030008389D4 /* CustomButton.swift in Sources */ = {isa = PBXBuildFile; fileRef = F3D1237E24734030008389D4 /* CustomButton.swift */; };
		F3FC044C24726A74006BCE6A /* ProfileViewController.swift in Sources */ = {isa = PBXBuildFile; fileRef = F3FC044B24726A74006BCE6A /* ProfileViewController.swift */; };
		F3FC044E24726FAE006BCE6A /* AppConstants.swift in Sources */ = {isa = PBXBuildFile; fileRef = F3FC044D24726FAE006BCE6A /* AppConstants.swift */; };
		F3FC045224727D77006BCE6A /* Home.storyboard in Resources */ = {isa = PBXBuildFile; fileRef = F3FC045124727D77006BCE6A /* Home.storyboard */; };
		F3FC045424727D86006BCE6A /* Plans.storyboard in Resources */ = {isa = PBXBuildFile; fileRef = F3FC045324727D86006BCE6A /* Plans.storyboard */; };
		F3FC045624727D91006BCE6A /* Profile.storyboard in Resources */ = {isa = PBXBuildFile; fileRef = F3FC045524727D91006BCE6A /* Profile.storyboard */; };
		F3FC04592472813E006BCE6A /* SignUp.storyboard in Resources */ = {isa = PBXBuildFile; fileRef = F3FC04582472813E006BCE6A /* SignUp.storyboard */; };
		F3FC045B24728151006BCE6A /* SignIn.storyboard in Resources */ = {isa = PBXBuildFile; fileRef = F3FC045A24728151006BCE6A /* SignIn.storyboard */; };
		F3FC045D24728184006BCE6A /* Onboarding.storyboard in Resources */ = {isa = PBXBuildFile; fileRef = F3FC045C24728184006BCE6A /* Onboarding.storyboard */; };
/* End PBXBuildFile section */

/* Begin PBXContainerItemProxy section */
		F32A799624721F8600F0D1AF /* PBXContainerItemProxy */ = {
			isa = PBXContainerItemProxy;
			containerPortal = F32A797524721F8500F0D1AF /* Project object */;
			proxyType = 1;
			remoteGlobalIDString = F32A797C24721F8500F0D1AF;
			remoteInfo = sidekick;
		};
		F32A79A124721F8600F0D1AF /* PBXContainerItemProxy */ = {
			isa = PBXContainerItemProxy;
			containerPortal = F32A797524721F8500F0D1AF /* Project object */;
			proxyType = 1;
			remoteGlobalIDString = F32A797C24721F8500F0D1AF;
			remoteInfo = sidekick;
		};
/* End PBXContainerItemProxy section */

/* Begin PBXFileReference section */
		F32A797D24721F8500F0D1AF /* sidekick.app */ = {isa = PBXFileReference; explicitFileType = wrapper.application; includeInIndex = 0; path = sidekick.app; sourceTree = BUILT_PRODUCTS_DIR; };
		F32A798024721F8500F0D1AF /* AppDelegate.swift */ = {isa = PBXFileReference; lastKnownFileType = sourcecode.swift; path = AppDelegate.swift; sourceTree = "<group>"; };
		F32A798224721F8500F0D1AF /* SceneDelegate.swift */ = {isa = PBXFileReference; lastKnownFileType = sourcecode.swift; path = SceneDelegate.swift; sourceTree = "<group>"; };
		F32A798424721F8500F0D1AF /* HomeViewController.swift */ = {isa = PBXFileReference; lastKnownFileType = sourcecode.swift; path = HomeViewController.swift; sourceTree = "<group>"; };
		F32A798624721F8500F0D1AF /* PlansViewController.swift */ = {isa = PBXFileReference; lastKnownFileType = sourcecode.swift; path = PlansViewController.swift; sourceTree = "<group>"; };
		F32A798924721F8500F0D1AF /* Base */ = {isa = PBXFileReference; lastKnownFileType = file.storyboard; name = Base; path = Base.lproj/Main.storyboard; sourceTree = "<group>"; };
		F32A798B24721F8600F0D1AF /* Assets.xcassets */ = {isa = PBXFileReference; lastKnownFileType = folder.assetcatalog; path = Assets.xcassets; sourceTree = "<group>"; };
		F32A798E24721F8600F0D1AF /* Base */ = {isa = PBXFileReference; lastKnownFileType = file.storyboard; name = Base; path = Base.lproj/LaunchScreen.storyboard; sourceTree = "<group>"; };
		F32A799024721F8600F0D1AF /* Info.plist */ = {isa = PBXFileReference; lastKnownFileType = text.plist.xml; path = Info.plist; sourceTree = "<group>"; };
		F32A799524721F8600F0D1AF /* sidekickTests.xctest */ = {isa = PBXFileReference; explicitFileType = wrapper.cfbundle; includeInIndex = 0; path = sidekickTests.xctest; sourceTree = BUILT_PRODUCTS_DIR; };
		F32A799924721F8600F0D1AF /* sidekickTests.swift */ = {isa = PBXFileReference; lastKnownFileType = sourcecode.swift; path = sidekickTests.swift; sourceTree = "<group>"; };
		F32A799B24721F8600F0D1AF /* Info.plist */ = {isa = PBXFileReference; lastKnownFileType = text.plist.xml; path = Info.plist; sourceTree = "<group>"; };
		F32A79A024721F8600F0D1AF /* sidekickUITests.xctest */ = {isa = PBXFileReference; explicitFileType = wrapper.cfbundle; includeInIndex = 0; path = sidekickUITests.xctest; sourceTree = BUILT_PRODUCTS_DIR; };
		F32A79A424721F8600F0D1AF /* sidekickUITests.swift */ = {isa = PBXFileReference; lastKnownFileType = sourcecode.swift; path = sidekickUITests.swift; sourceTree = "<group>"; };
		F32A79A624721F8600F0D1AF /* Info.plist */ = {isa = PBXFileReference; lastKnownFileType = text.plist.xml; path = Info.plist; sourceTree = "<group>"; };
		F333479F24762E4800E5A4A9 /* UnderlinedTextField.swift */ = {isa = PBXFileReference; lastKnownFileType = sourcecode.swift; path = UnderlinedTextField.swift; sourceTree = "<group>"; };
		F33347A124763B5100E5A4A9 /* PasswordViewController.swift */ = {isa = PBXFileReference; lastKnownFileType = sourcecode.swift; path = PasswordViewController.swift; sourceTree = "<group>"; };
		F33347A524764CBA00E5A4A9 /* OnboardingQuestionViewController.swift */ = {isa = PBXFileReference; lastKnownFileType = sourcecode.swift; path = OnboardingQuestionViewController.swift; sourceTree = "<group>"; };
		F35F0217247769C4008AC531 /* OnboardingPageViewController.swift */ = {isa = PBXFileReference; fileEncoding = 4; lastKnownFileType = sourcecode.swift; path = OnboardingPageViewController.swift; sourceTree = "<group>"; };
		F35F021C24776E6B008AC531 /* Model.swift */ = {isa = PBXFileReference; lastKnownFileType = sourcecode.swift; name = Model.swift; path = "Sign Up + Sign In/Onboarding/Model.swift"; sourceTree = "<group>"; };
		F35F021E2477709C008AC531 /* OnboardingAnswerCell.swift */ = {isa = PBXFileReference; lastKnownFileType = sourcecode.swift; name = OnboardingAnswerCell.swift; path = sidekick/Storyboards/OnboardingAnswerCell.swift; sourceTree = SOURCE_ROOT; };
		F35F02242477750D008AC531 /* OnboardingAnswer.swift */ = {isa = PBXFileReference; lastKnownFileType = sourcecode.swift; path = OnboardingAnswer.swift; sourceTree = "<group>"; };
		F3A4E0BB24748CF000CC5003 /* EnableSignUpViewController.swift */ = {isa = PBXFileReference; lastKnownFileType = sourcecode.swift; path = EnableSignUpViewController.swift; sourceTree = "<group>"; };
		F3A4E0BD2474950200CC5003 /* EnableNotificationsViewController.swift */ = {isa = PBXFileReference; lastKnownFileType = sourcecode.swift; path = EnableNotificationsViewController.swift; sourceTree = "<group>"; };
		F3A4E0BF2474953D00CC5003 /* GetStartedViewController.swift */ = {isa = PBXFileReference; lastKnownFileType = sourcecode.swift; path = GetStartedViewController.swift; sourceTree = "<group>"; };
		F3A4E0C324749CF400CC5003 /* GradientView.swift */ = {isa = PBXFileReference; lastKnownFileType = sourcecode.swift; path = GradientView.swift; sourceTree = "<group>"; };
		F3A4E0C72474B4AF00CC5003 /* OnboardingBaseViewController.swift */ = {isa = PBXFileReference; lastKnownFileType = sourcecode.swift; path = OnboardingBaseViewController.swift; sourceTree = "<group>"; };
		F3D1233B24731D01008389D4 /* Muli-Italic-VariableFont_wght.ttf */ = {isa = PBXFileReference; lastKnownFileType = file; path = "Muli-Italic-VariableFont_wght.ttf"; sourceTree = "<group>"; };
		F3D1233C24731D01008389D4 /* Muli-VariableFont_wght.ttf */ = {isa = PBXFileReference; lastKnownFileType = file; path = "Muli-VariableFont_wght.ttf"; sourceTree = "<group>"; };
		F3D1233E24731D01008389D4 /* Muli-ExtraLight.ttf */ = {isa = PBXFileReference; lastKnownFileType = file; path = "Muli-ExtraLight.ttf"; sourceTree = "<group>"; };
		F3D1233F24731D01008389D4 /* Muli-ExtraLightItalic.ttf */ = {isa = PBXFileReference; lastKnownFileType = file; path = "Muli-ExtraLightItalic.ttf"; sourceTree = "<group>"; };
		F3D1234024731D01008389D4 /* Muli-BoldItalic.ttf */ = {isa = PBXFileReference; lastKnownFileType = file; path = "Muli-BoldItalic.ttf"; sourceTree = "<group>"; };
		F3D1234124731D01008389D4 /* Muli-Black.ttf */ = {isa = PBXFileReference; lastKnownFileType = file; path = "Muli-Black.ttf"; sourceTree = "<group>"; };
		F3D1234224731D01008389D4 /* Muli-Medium.ttf */ = {isa = PBXFileReference; lastKnownFileType = file; path = "Muli-Medium.ttf"; sourceTree = "<group>"; };
		F3D1234324731D01008389D4 /* Muli-MediumItalic.ttf */ = {isa = PBXFileReference; lastKnownFileType = file; path = "Muli-MediumItalic.ttf"; sourceTree = "<group>"; };
		F3D1234424731D01008389D4 /* Muli-ExtraBold.ttf */ = {isa = PBXFileReference; lastKnownFileType = file; path = "Muli-ExtraBold.ttf"; sourceTree = "<group>"; };
		F3D1234524731D01008389D4 /* Muli-Bold.ttf */ = {isa = PBXFileReference; lastKnownFileType = file; path = "Muli-Bold.ttf"; sourceTree = "<group>"; };
		F3D1234624731D01008389D4 /* Muli-ExtraBoldItalic.ttf */ = {isa = PBXFileReference; lastKnownFileType = file; path = "Muli-ExtraBoldItalic.ttf"; sourceTree = "<group>"; };
		F3D1234724731D01008389D4 /* Muli-Italic.ttf */ = {isa = PBXFileReference; lastKnownFileType = file; path = "Muli-Italic.ttf"; sourceTree = "<group>"; };
		F3D1234824731D01008389D4 /* Muli-SemiBold.ttf */ = {isa = PBXFileReference; lastKnownFileType = file; path = "Muli-SemiBold.ttf"; sourceTree = "<group>"; };
		F3D1234924731D01008389D4 /* Muli-SemiBoldItalic.ttf */ = {isa = PBXFileReference; lastKnownFileType = file; path = "Muli-SemiBoldItalic.ttf"; sourceTree = "<group>"; };
		F3D1234A24731D01008389D4 /* Muli-BlackItalic.ttf */ = {isa = PBXFileReference; lastKnownFileType = file; path = "Muli-BlackItalic.ttf"; sourceTree = "<group>"; };
		F3D1234B24731D01008389D4 /* Muli-Light.ttf */ = {isa = PBXFileReference; lastKnownFileType = file; path = "Muli-Light.ttf"; sourceTree = "<group>"; };
		F3D1234C24731D01008389D4 /* Muli-Regular.ttf */ = {isa = PBXFileReference; lastKnownFileType = file; path = "Muli-Regular.ttf"; sourceTree = "<group>"; };
		F3D1234D24731D01008389D4 /* Muli-LightItalic.ttf */ = {isa = PBXFileReference; lastKnownFileType = file; path = "Muli-LightItalic.ttf"; sourceTree = "<group>"; };
		F3D1234E24731D01008389D4 /* OFL.txt */ = {isa = PBXFileReference; lastKnownFileType = text; path = OFL.txt; sourceTree = "<group>"; };
		F3D1234F24731D01008389D4 /* README.txt */ = {isa = PBXFileReference; lastKnownFileType = text; path = README.txt; sourceTree = "<group>"; };
		F3D123672473227B008389D4 /* BalooBhai2-ExtraBold.ttf */ = {isa = PBXFileReference; lastKnownFileType = file; path = "BalooBhai2-ExtraBold.ttf"; sourceTree = "<group>"; };
		F3D123682473227B008389D4 /* BalooBhai2-Regular.ttf */ = {isa = PBXFileReference; lastKnownFileType = file; path = "BalooBhai2-Regular.ttf"; sourceTree = "<group>"; };
		F3D123692473227B008389D4 /* BalooBhai2-SemiBold.ttf */ = {isa = PBXFileReference; lastKnownFileType = file; path = "BalooBhai2-SemiBold.ttf"; sourceTree = "<group>"; };
		F3D1236A2473227B008389D4 /* BalooBhai2-Medium.ttf */ = {isa = PBXFileReference; lastKnownFileType = file; path = "BalooBhai2-Medium.ttf"; sourceTree = "<group>"; };
		F3D1236B2473227B008389D4 /* BalooBhai2-Bold.ttf */ = {isa = PBXFileReference; lastKnownFileType = file; path = "BalooBhai2-Bold.ttf"; sourceTree = "<group>"; };
		F3D12372247331C1008389D4 /* UIView+Extension.swift */ = {isa = PBXFileReference; lastKnownFileType = sourcecode.swift; path = "UIView+Extension.swift"; sourceTree = "<group>"; };
		F3D12374247335C5008389D4 /* SignUpViewController.swift */ = {isa = PBXFileReference; lastKnownFileType = sourcecode.swift; path = SignUpViewController.swift; sourceTree = "<group>"; };
		F3D1237624733824008389D4 /* LandingPage.storyboard */ = {isa = PBXFileReference; lastKnownFileType = file.storyboard; path = LandingPage.storyboard; sourceTree = "<group>"; };
		F3D1237824733833008389D4 /* LandingPageViewController.swift */ = {isa = PBXFileReference; lastKnownFileType = sourcecode.swift; path = LandingPageViewController.swift; sourceTree = "<group>"; };
		F3D1237A2473384E008389D4 /* SignInViewController.swift */ = {isa = PBXFileReference; lastKnownFileType = sourcecode.swift; path = SignInViewController.swift; sourceTree = "<group>"; };
		F3D1237C247338EF008389D4 /* OnboardingPhasesViewController.swift */ = {isa = PBXFileReference; lastKnownFileType = sourcecode.swift; path = OnboardingPhasesViewController.swift; sourceTree = "<group>"; };
		F3D1237E24734030008389D4 /* CustomButton.swift */ = {isa = PBXFileReference; lastKnownFileType = sourcecode.swift; path = CustomButton.swift; sourceTree = "<group>"; };
		F3FC044B24726A74006BCE6A /* ProfileViewController.swift */ = {isa = PBXFileReference; lastKnownFileType = sourcecode.swift; path = ProfileViewController.swift; sourceTree = "<group>"; };
		F3FC044D24726FAE006BCE6A /* AppConstants.swift */ = {isa = PBXFileReference; lastKnownFileType = sourcecode.swift; path = AppConstants.swift; sourceTree = "<group>"; };
		F3FC045124727D77006BCE6A /* Home.storyboard */ = {isa = PBXFileReference; lastKnownFileType = file.storyboard; path = Home.storyboard; sourceTree = "<group>"; };
		F3FC045324727D86006BCE6A /* Plans.storyboard */ = {isa = PBXFileReference; lastKnownFileType = file.storyboard; path = Plans.storyboard; sourceTree = "<group>"; };
		F3FC045524727D91006BCE6A /* Profile.storyboard */ = {isa = PBXFileReference; lastKnownFileType = file.storyboard; path = Profile.storyboard; sourceTree = "<group>"; };
		F3FC04582472813E006BCE6A /* SignUp.storyboard */ = {isa = PBXFileReference; lastKnownFileType = file.storyboard; path = SignUp.storyboard; sourceTree = "<group>"; };
		F3FC045A24728151006BCE6A /* SignIn.storyboard */ = {isa = PBXFileReference; lastKnownFileType = file.storyboard; path = SignIn.storyboard; sourceTree = "<group>"; };
		F3FC045C24728184006BCE6A /* Onboarding.storyboard */ = {isa = PBXFileReference; lastKnownFileType = file.storyboard; path = Onboarding.storyboard; sourceTree = "<group>"; };
/* End PBXFileReference section */

/* Begin PBXFrameworksBuildPhase section */
		F32A797A24721F8500F0D1AF /* Frameworks */ = {
			isa = PBXFrameworksBuildPhase;
			buildActionMask = 2147483647;
			files = (
			);
			runOnlyForDeploymentPostprocessing = 0;
		};
		F32A799224721F8600F0D1AF /* Frameworks */ = {
			isa = PBXFrameworksBuildPhase;
			buildActionMask = 2147483647;
			files = (
			);
			runOnlyForDeploymentPostprocessing = 0;
		};
		F32A799D24721F8600F0D1AF /* Frameworks */ = {
			isa = PBXFrameworksBuildPhase;
			buildActionMask = 2147483647;
			files = (
			);
			runOnlyForDeploymentPostprocessing = 0;
		};
/* End PBXFrameworksBuildPhase section */

/* Begin PBXGroup section */
		F32A797424721F8500F0D1AF = {
			isa = PBXGroup;
			children = (
				F32A797F24721F8500F0D1AF /* sidekick */,
				F32A799824721F8600F0D1AF /* sidekickTests */,
				F32A79A324721F8600F0D1AF /* sidekickUITests */,
				F32A797E24721F8500F0D1AF /* Products */,
			);
			sourceTree = "<group>";
		};
		F32A797E24721F8500F0D1AF /* Products */ = {
			isa = PBXGroup;
			children = (
				F32A797D24721F8500F0D1AF /* sidekick.app */,
				F32A799524721F8600F0D1AF /* sidekickTests.xctest */,
				F32A79A024721F8600F0D1AF /* sidekickUITests.xctest */,
			);
			name = Products;
			sourceTree = "<group>";
		};
		F32A797F24721F8500F0D1AF /* sidekick */ = {
			isa = PBXGroup;
			children = (
				F35F021C24776E6B008AC531 /* Model.swift */,
				F32A798D24721F8600F0D1AF /* LaunchScreen.storyboard */,
				F3FC045724727E65006BCE6A /* Storyboards */,
				F32A798024721F8500F0D1AF /* AppDelegate.swift */,
				F3FC044D24726FAE006BCE6A /* AppConstants.swift */,
				F3A4E0B3247487F900CC5003 /* Sign Up + Sign In */,
				F32A798424721F8500F0D1AF /* HomeViewController.swift */,
				F3FC044B24726A74006BCE6A /* ProfileViewController.swift */,
				F32A798624721F8500F0D1AF /* PlansViewController.swift */,
				F32A798224721F8500F0D1AF /* SceneDelegate.swift */,
				F3A4E0BA24748BE500CC5003 /* Extensions */,
				F32A798B24721F8600F0D1AF /* Assets.xcassets */,
				F32A799024721F8600F0D1AF /* Info.plist */,
				F3D1233924731CF3008389D4 /* Fonts */,
			);
			path = sidekick;
			sourceTree = "<group>";
		};
		F32A799824721F8600F0D1AF /* sidekickTests */ = {
			isa = PBXGroup;
			children = (
				F32A799924721F8600F0D1AF /* sidekickTests.swift */,
				F32A799B24721F8600F0D1AF /* Info.plist */,
			);
			path = sidekickTests;
			sourceTree = "<group>";
		};
		F32A79A324721F8600F0D1AF /* sidekickUITests */ = {
			isa = PBXGroup;
			children = (
				F32A79A424721F8600F0D1AF /* sidekickUITests.swift */,
				F32A79A624721F8600F0D1AF /* Info.plist */,
			);
			path = sidekickUITests;
			sourceTree = "<group>";
		};
		F35F021924776DD2008AC531 /* Onboarding */ = {
			isa = PBXGroup;
			children = (
				F3D1237C247338EF008389D4 /* OnboardingPhasesViewController.swift */,
				F35F0217247769C4008AC531 /* OnboardingPageViewController.swift */,
				F3A4E0C72474B4AF00CC5003 /* OnboardingBaseViewController.swift */,
				F33347A524764CBA00E5A4A9 /* OnboardingQuestionViewController.swift */,
				F35F021E2477709C008AC531 /* OnboardingAnswerCell.swift */,
				F35F02242477750D008AC531 /* OnboardingAnswer.swift */,
			);
			path = Onboarding;
			sourceTree = "<group>";
		};
		F3A4E0B3247487F900CC5003 /* Sign Up + Sign In */ = {
			isa = PBXGroup;
			children = (
				F3D1237824733833008389D4 /* LandingPageViewController.swift */,
				F3D12374247335C5008389D4 /* SignUpViewController.swift */,
				F33347A124763B5100E5A4A9 /* PasswordViewController.swift */,
				F35F021924776DD2008AC531 /* Onboarding */,
				F3D1237A2473384E008389D4 /* SignInViewController.swift */,
				F3A4E0BB24748CF000CC5003 /* EnableSignUpViewController.swift */,
				F3A4E0BD2474950200CC5003 /* EnableNotificationsViewController.swift */,
				F3A4E0BF2474953D00CC5003 /* GetStartedViewController.swift */,
			);
			path = "Sign Up + Sign In";
			sourceTree = "<group>";
		};
		F3A4E0BA24748BE500CC5003 /* Extensions */ = {
			isa = PBXGroup;
			children = (
				F3D1237E24734030008389D4 /* CustomButton.swift */,
				F3D12372247331C1008389D4 /* UIView+Extension.swift */,
				F3A4E0C324749CF400CC5003 /* GradientView.swift */,
				F333479F24762E4800E5A4A9 /* UnderlinedTextField.swift */,
			);
			path = Extensions;
			sourceTree = "<group>";
		};
		F3D1233924731CF3008389D4 /* Fonts */ = {
			isa = PBXGroup;
			children = (
				F3D1237124732297008389D4 /* BalooBhai2 */,
				F3D1233A24731D01008389D4 /* Muli */,
			);
			path = Fonts;
			sourceTree = "<group>";
		};
		F3D1233A24731D01008389D4 /* Muli */ = {
			isa = PBXGroup;
			children = (
				F3D1233B24731D01008389D4 /* Muli-Italic-VariableFont_wght.ttf */,
				F3D1233C24731D01008389D4 /* Muli-VariableFont_wght.ttf */,
				F3D1233D24731D01008389D4 /* static */,
				F3D1234E24731D01008389D4 /* OFL.txt */,
				F3D1234F24731D01008389D4 /* README.txt */,
			);
			path = Muli;
			sourceTree = "<group>";
		};
		F3D1233D24731D01008389D4 /* static */ = {
			isa = PBXGroup;
			children = (
				F3D1233E24731D01008389D4 /* Muli-ExtraLight.ttf */,
				F3D1233F24731D01008389D4 /* Muli-ExtraLightItalic.ttf */,
				F3D1234024731D01008389D4 /* Muli-BoldItalic.ttf */,
				F3D1234124731D01008389D4 /* Muli-Black.ttf */,
				F3D1234224731D01008389D4 /* Muli-Medium.ttf */,
				F3D1234324731D01008389D4 /* Muli-MediumItalic.ttf */,
				F3D1234424731D01008389D4 /* Muli-ExtraBold.ttf */,
				F3D1234524731D01008389D4 /* Muli-Bold.ttf */,
				F3D1234624731D01008389D4 /* Muli-ExtraBoldItalic.ttf */,
				F3D1234724731D01008389D4 /* Muli-Italic.ttf */,
				F3D1234824731D01008389D4 /* Muli-SemiBold.ttf */,
				F3D1234924731D01008389D4 /* Muli-SemiBoldItalic.ttf */,
				F3D1234A24731D01008389D4 /* Muli-BlackItalic.ttf */,
				F3D1234B24731D01008389D4 /* Muli-Light.ttf */,
				F3D1234C24731D01008389D4 /* Muli-Regular.ttf */,
				F3D1234D24731D01008389D4 /* Muli-LightItalic.ttf */,
			);
			path = static;
			sourceTree = "<group>";
		};
		F3D1237124732297008389D4 /* BalooBhai2 */ = {
			isa = PBXGroup;
			children = (
				F3D1236B2473227B008389D4 /* BalooBhai2-Bold.ttf */,
				F3D123672473227B008389D4 /* BalooBhai2-ExtraBold.ttf */,
				F3D1236A2473227B008389D4 /* BalooBhai2-Medium.ttf */,
				F3D123682473227B008389D4 /* BalooBhai2-Regular.ttf */,
				F3D123692473227B008389D4 /* BalooBhai2-SemiBold.ttf */,
			);
			path = BalooBhai2;
			sourceTree = "<group>";
		};
		F3FC045724727E65006BCE6A /* Storyboards */ = {
			isa = PBXGroup;
			children = (
				F32A798824721F8500F0D1AF /* Main.storyboard */,
				F3D1237624733824008389D4 /* LandingPage.storyboard */,
				F3FC04582472813E006BCE6A /* SignUp.storyboard */,
				F3FC045C24728184006BCE6A /* Onboarding.storyboard */,
				F3FC045A24728151006BCE6A /* SignIn.storyboard */,
				F3FC045124727D77006BCE6A /* Home.storyboard */,
				F3FC045324727D86006BCE6A /* Plans.storyboard */,
				F3FC045524727D91006BCE6A /* Profile.storyboard */,
			);
			path = Storyboards;
			sourceTree = "<group>";
		};
/* End PBXGroup section */

/* Begin PBXNativeTarget section */
		F32A797C24721F8500F0D1AF /* sidekick */ = {
			isa = PBXNativeTarget;
			buildConfigurationList = F32A79A924721F8600F0D1AF /* Build configuration list for PBXNativeTarget "sidekick" */;
			buildPhases = (
				F32A797924721F8500F0D1AF /* Sources */,
				F32A797A24721F8500F0D1AF /* Frameworks */,
				F32A797B24721F8500F0D1AF /* Resources */,
			);
			buildRules = (
			);
			dependencies = (
			);
			name = sidekick;
			productName = sidekick;
			productReference = F32A797D24721F8500F0D1AF /* sidekick.app */;
			productType = "com.apple.product-type.application";
		};
		F32A799424721F8600F0D1AF /* sidekickTests */ = {
			isa = PBXNativeTarget;
			buildConfigurationList = F32A79AC24721F8600F0D1AF /* Build configuration list for PBXNativeTarget "sidekickTests" */;
			buildPhases = (
				F32A799124721F8600F0D1AF /* Sources */,
				F32A799224721F8600F0D1AF /* Frameworks */,
				F32A799324721F8600F0D1AF /* Resources */,
			);
			buildRules = (
			);
			dependencies = (
				F32A799724721F8600F0D1AF /* PBXTargetDependency */,
			);
			name = sidekickTests;
			productName = sidekickTests;
			productReference = F32A799524721F8600F0D1AF /* sidekickTests.xctest */;
			productType = "com.apple.product-type.bundle.unit-test";
		};
		F32A799F24721F8600F0D1AF /* sidekickUITests */ = {
			isa = PBXNativeTarget;
			buildConfigurationList = F32A79AF24721F8600F0D1AF /* Build configuration list for PBXNativeTarget "sidekickUITests" */;
			buildPhases = (
				F32A799C24721F8600F0D1AF /* Sources */,
				F32A799D24721F8600F0D1AF /* Frameworks */,
				F32A799E24721F8600F0D1AF /* Resources */,
			);
			buildRules = (
			);
			dependencies = (
				F32A79A224721F8600F0D1AF /* PBXTargetDependency */,
			);
			name = sidekickUITests;
			productName = sidekickUITests;
			productReference = F32A79A024721F8600F0D1AF /* sidekickUITests.xctest */;
			productType = "com.apple.product-type.bundle.ui-testing";
		};
/* End PBXNativeTarget section */

/* Begin PBXProject section */
		F32A797524721F8500F0D1AF /* Project object */ = {
			isa = PBXProject;
			attributes = {
				LastSwiftUpdateCheck = 1140;
				LastUpgradeCheck = 1140;
				ORGANIZATIONNAME = "Melina Sayegh";
				TargetAttributes = {
					F32A797C24721F8500F0D1AF = {
						CreatedOnToolsVersion = 11.4.1;
					};
					F32A799424721F8600F0D1AF = {
						CreatedOnToolsVersion = 11.4.1;
						TestTargetID = F32A797C24721F8500F0D1AF;
					};
					F32A799F24721F8600F0D1AF = {
						CreatedOnToolsVersion = 11.4.1;
						TestTargetID = F32A797C24721F8500F0D1AF;
					};
				};
			};
			buildConfigurationList = F32A797824721F8500F0D1AF /* Build configuration list for PBXProject "sidekick" */;
			compatibilityVersion = "Xcode 9.3";
			developmentRegion = en;
			hasScannedForEncodings = 0;
			knownRegions = (
				en,
				Base,
			);
			mainGroup = F32A797424721F8500F0D1AF;
			productRefGroup = F32A797E24721F8500F0D1AF /* Products */;
			projectDirPath = "";
			projectRoot = "";
			targets = (
				F32A797C24721F8500F0D1AF /* sidekick */,
				F32A799424721F8600F0D1AF /* sidekickTests */,
				F32A799F24721F8600F0D1AF /* sidekickUITests */,
			);
		};
/* End PBXProject section */

/* Begin PBXResourcesBuildPhase section */
		F32A797B24721F8500F0D1AF /* Resources */ = {
			isa = PBXResourcesBuildPhase;
			buildActionMask = 2147483647;
			files = (
				F3D1235924731E4F008389D4 /* Muli-SemiBold.ttf in Resources */,
				F3FC045B24728151006BCE6A /* SignIn.storyboard in Resources */,
				F3D1235624731E47008389D4 /* Muli-Light.ttf in Resources */,
				F3FC045624727D91006BCE6A /* Profile.storyboard in Resources */,
				F3D1235524731E44008389D4 /* Muli-Regular.ttf in Resources */,
				F32A798F24721F8600F0D1AF /* LaunchScreen.storyboard in Resources */,
				F3D1235224731E36008389D4 /* Muli-Italic-VariableFont_wght.ttf in Resources */,
				F3D1236324731E68008389D4 /* Muli-ExtraLight.ttf in Resources */,
				F3D1235A24731E52008389D4 /* Muli-Italic.ttf in Resources */,
				F32A798C24721F8600F0D1AF /* Assets.xcassets in Resources */,
				F3D1235724731E4A008389D4 /* Muli-BlackItalic.ttf in Resources */,
				F3D1235824731E4C008389D4 /* Muli-SemiBoldItalic.ttf in Resources */,
				F3FC04592472813E006BCE6A /* SignUp.storyboard in Resources */,
				F3D1236C2473227B008389D4 /* BalooBhai2-ExtraBold.ttf in Resources */,
				F3D1235C24731E57008389D4 /* Muli-Bold.ttf in Resources */,
				F32A798A24721F8500F0D1AF /* Main.storyboard in Resources */,
				F3D123702473227B008389D4 /* BalooBhai2-Bold.ttf in Resources */,
				F3D1236E2473227B008389D4 /* BalooBhai2-SemiBold.ttf in Resources */,
				F3D1237724733824008389D4 /* LandingPage.storyboard in Resources */,
				F3FC045D24728184006BCE6A /* Onboarding.storyboard in Resources */,
				F3D1235D24731E59008389D4 /* Muli-ExtraBold.ttf in Resources */,
				F3D1235F24731E5E008389D4 /* Muli-Medium.ttf in Resources */,
				F3D1235324731E39008389D4 /* Muli-VariableFont_wght.ttf in Resources */,
				F3D1236F2473227B008389D4 /* BalooBhai2-Medium.ttf in Resources */,
				F3D1235B24731E54008389D4 /* Muli-ExtraBoldItalic.ttf in Resources */,
				F3D1236D2473227B008389D4 /* BalooBhai2-Regular.ttf in Resources */,
				F3D1236024731E61008389D4 /* Muli-Black.ttf in Resources */,
				F3FC045424727D86006BCE6A /* Plans.storyboard in Resources */,
				F3FC045224727D77006BCE6A /* Home.storyboard in Resources */,
				F3D1235E24731E5B008389D4 /* Muli-MediumItalic.ttf in Resources */,
				F3D1236124731E63008389D4 /* Muli-BoldItalic.ttf in Resources */,
				F3D1235424731E41008389D4 /* Muli-LightItalic.ttf in Resources */,
				F3D1236224731E66008389D4 /* Muli-ExtraLightItalic.ttf in Resources */,
			);
			runOnlyForDeploymentPostprocessing = 0;
		};
		F32A799324721F8600F0D1AF /* Resources */ = {
			isa = PBXResourcesBuildPhase;
			buildActionMask = 2147483647;
			files = (
			);
			runOnlyForDeploymentPostprocessing = 0;
		};
		F32A799E24721F8600F0D1AF /* Resources */ = {
			isa = PBXResourcesBuildPhase;
			buildActionMask = 2147483647;
			files = (
			);
			runOnlyForDeploymentPostprocessing = 0;
		};
/* End PBXResourcesBuildPhase section */

/* Begin PBXSourcesBuildPhase section */
		F32A797924721F8500F0D1AF /* Sources */ = {
			isa = PBXSourcesBuildPhase;
			buildActionMask = 2147483647;
			files = (
				F3D1237B2473384E008389D4 /* SignInViewController.swift in Sources */,
				F3A4E0BC24748CF000CC5003 /* EnableSignUpViewController.swift in Sources */,
				F3A4E0C02474953D00CC5003 /* GetStartedViewController.swift in Sources */,
				F33347A624764CBA00E5A4A9 /* OnboardingQuestionViewController.swift in Sources */,
				F35F02252477750D008AC531 /* OnboardingAnswer.swift in Sources */,
				F35F021F2477709C008AC531 /* OnboardingAnswerCell.swift in Sources */,
				F32A798724721F8500F0D1AF /* PlansViewController.swift in Sources */,
				F3A4E0C424749CF400CC5003 /* GradientView.swift in Sources */,
				F3D12373247331C1008389D4 /* UIView+Extension.swift in Sources */,
				F33347A224763B5100E5A4A9 /* PasswordViewController.swift in Sources */,
				F3FC044E24726FAE006BCE6A /* AppConstants.swift in Sources */,
				F32A798524721F8500F0D1AF /* HomeViewController.swift in Sources */,
				F3FC044C24726A74006BCE6A /* ProfileViewController.swift in Sources */,
				F3D1237D247338EF008389D4 /* OnboardingPhasesViewController.swift in Sources */,
				F3D1237924733833008389D4 /* LandingPageViewController.swift in Sources */,
				F35F021D24776E6B008AC531 /* Model.swift in Sources */,
				F3D12375247335C5008389D4 /* SignUpViewController.swift in Sources */,
				F3A4E0BE2474950200CC5003 /* EnableNotificationsViewController.swift in Sources */,
				F33347A024762E4800E5A4A9 /* UnderlinedTextField.swift in Sources */,
				F3A4E0C82474B4AF00CC5003 /* OnboardingBaseViewController.swift in Sources */,
				F3D1237F24734030008389D4 /* CustomButton.swift in Sources */,
				F32A798124721F8500F0D1AF /* AppDelegate.swift in Sources */,
				F35F0218247769C4008AC531 /* OnboardingPageViewController.swift in Sources */,
				F32A798324721F8500F0D1AF /* SceneDelegate.swift in Sources */,
			);
			runOnlyForDeploymentPostprocessing = 0;
		};
		F32A799124721F8600F0D1AF /* Sources */ = {
			isa = PBXSourcesBuildPhase;
			buildActionMask = 2147483647;
			files = (
				F32A799A24721F8600F0D1AF /* sidekickTests.swift in Sources */,
			);
			runOnlyForDeploymentPostprocessing = 0;
		};
		F32A799C24721F8600F0D1AF /* Sources */ = {
			isa = PBXSourcesBuildPhase;
			buildActionMask = 2147483647;
			files = (
				F32A79A524721F8600F0D1AF /* sidekickUITests.swift in Sources */,
			);
			runOnlyForDeploymentPostprocessing = 0;
		};
/* End PBXSourcesBuildPhase section */

/* Begin PBXTargetDependency section */
		F32A799724721F8600F0D1AF /* PBXTargetDependency */ = {
			isa = PBXTargetDependency;
			target = F32A797C24721F8500F0D1AF /* sidekick */;
			targetProxy = F32A799624721F8600F0D1AF /* PBXContainerItemProxy */;
		};
		F32A79A224721F8600F0D1AF /* PBXTargetDependency */ = {
			isa = PBXTargetDependency;
			target = F32A797C24721F8500F0D1AF /* sidekick */;
			targetProxy = F32A79A124721F8600F0D1AF /* PBXContainerItemProxy */;
		};
/* End PBXTargetDependency section */

/* Begin PBXVariantGroup section */
		F32A798824721F8500F0D1AF /* Main.storyboard */ = {
			isa = PBXVariantGroup;
			children = (
				F32A798924721F8500F0D1AF /* Base */,
			);
			name = Main.storyboard;
			sourceTree = "<group>";
		};
		F32A798D24721F8600F0D1AF /* LaunchScreen.storyboard */ = {
			isa = PBXVariantGroup;
			children = (
				F32A798E24721F8600F0D1AF /* Base */,
			);
			name = LaunchScreen.storyboard;
			sourceTree = "<group>";
		};
/* End PBXVariantGroup section */

/* Begin XCBuildConfiguration section */
		F32A79A724721F8600F0D1AF /* Debug */ = {
			isa = XCBuildConfiguration;
			buildSettings = {
				ALWAYS_SEARCH_USER_PATHS = NO;
				CLANG_ANALYZER_NONNULL = YES;
				CLANG_ANALYZER_NUMBER_OBJECT_CONVERSION = YES_AGGRESSIVE;
				CLANG_CXX_LANGUAGE_STANDARD = "gnu++14";
				CLANG_CXX_LIBRARY = "libc++";
				CLANG_ENABLE_MODULES = YES;
				CLANG_ENABLE_OBJC_ARC = YES;
				CLANG_ENABLE_OBJC_WEAK = YES;
				CLANG_WARN_BLOCK_CAPTURE_AUTORELEASING = YES;
				CLANG_WARN_BOOL_CONVERSION = YES;
				CLANG_WARN_COMMA = YES;
				CLANG_WARN_CONSTANT_CONVERSION = YES;
				CLANG_WARN_DEPRECATED_OBJC_IMPLEMENTATIONS = YES;
				CLANG_WARN_DIRECT_OBJC_ISA_USAGE = YES_ERROR;
				CLANG_WARN_DOCUMENTATION_COMMENTS = YES;
				CLANG_WARN_EMPTY_BODY = YES;
				CLANG_WARN_ENUM_CONVERSION = YES;
				CLANG_WARN_INFINITE_RECURSION = YES;
				CLANG_WARN_INT_CONVERSION = YES;
				CLANG_WARN_NON_LITERAL_NULL_CONVERSION = YES;
				CLANG_WARN_OBJC_IMPLICIT_RETAIN_SELF = YES;
				CLANG_WARN_OBJC_LITERAL_CONVERSION = YES;
				CLANG_WARN_OBJC_ROOT_CLASS = YES_ERROR;
				CLANG_WARN_RANGE_LOOP_ANALYSIS = YES;
				CLANG_WARN_STRICT_PROTOTYPES = YES;
				CLANG_WARN_SUSPICIOUS_MOVE = YES;
				CLANG_WARN_UNGUARDED_AVAILABILITY = YES_AGGRESSIVE;
				CLANG_WARN_UNREACHABLE_CODE = YES;
				CLANG_WARN__DUPLICATE_METHOD_MATCH = YES;
				COPY_PHASE_STRIP = NO;
				DEBUG_INFORMATION_FORMAT = dwarf;
				ENABLE_STRICT_OBJC_MSGSEND = YES;
				ENABLE_TESTABILITY = YES;
				GCC_C_LANGUAGE_STANDARD = gnu11;
				GCC_DYNAMIC_NO_PIC = NO;
				GCC_NO_COMMON_BLOCKS = YES;
				GCC_OPTIMIZATION_LEVEL = 0;
				GCC_PREPROCESSOR_DEFINITIONS = (
					"DEBUG=1",
					"$(inherited)",
				);
				GCC_WARN_64_TO_32_BIT_CONVERSION = YES;
				GCC_WARN_ABOUT_RETURN_TYPE = YES_ERROR;
				GCC_WARN_UNDECLARED_SELECTOR = YES;
				GCC_WARN_UNINITIALIZED_AUTOS = YES_AGGRESSIVE;
				GCC_WARN_UNUSED_FUNCTION = YES;
				GCC_WARN_UNUSED_VARIABLE = YES;
				IPHONEOS_DEPLOYMENT_TARGET = 13.4;
				MTL_ENABLE_DEBUG_INFO = INCLUDE_SOURCE;
				MTL_FAST_MATH = YES;
				ONLY_ACTIVE_ARCH = YES;
				SDKROOT = iphoneos;
				SWIFT_ACTIVE_COMPILATION_CONDITIONS = DEBUG;
				SWIFT_OPTIMIZATION_LEVEL = "-Onone";
			};
			name = Debug;
		};
		F32A79A824721F8600F0D1AF /* Release */ = {
			isa = XCBuildConfiguration;
			buildSettings = {
				ALWAYS_SEARCH_USER_PATHS = NO;
				CLANG_ANALYZER_NONNULL = YES;
				CLANG_ANALYZER_NUMBER_OBJECT_CONVERSION = YES_AGGRESSIVE;
				CLANG_CXX_LANGUAGE_STANDARD = "gnu++14";
				CLANG_CXX_LIBRARY = "libc++";
				CLANG_ENABLE_MODULES = YES;
				CLANG_ENABLE_OBJC_ARC = YES;
				CLANG_ENABLE_OBJC_WEAK = YES;
				CLANG_WARN_BLOCK_CAPTURE_AUTORELEASING = YES;
				CLANG_WARN_BOOL_CONVERSION = YES;
				CLANG_WARN_COMMA = YES;
				CLANG_WARN_CONSTANT_CONVERSION = YES;
				CLANG_WARN_DEPRECATED_OBJC_IMPLEMENTATIONS = YES;
				CLANG_WARN_DIRECT_OBJC_ISA_USAGE = YES_ERROR;
				CLANG_WARN_DOCUMENTATION_COMMENTS = YES;
				CLANG_WARN_EMPTY_BODY = YES;
				CLANG_WARN_ENUM_CONVERSION = YES;
				CLANG_WARN_INFINITE_RECURSION = YES;
				CLANG_WARN_INT_CONVERSION = YES;
				CLANG_WARN_NON_LITERAL_NULL_CONVERSION = YES;
				CLANG_WARN_OBJC_IMPLICIT_RETAIN_SELF = YES;
				CLANG_WARN_OBJC_LITERAL_CONVERSION = YES;
				CLANG_WARN_OBJC_ROOT_CLASS = YES_ERROR;
				CLANG_WARN_RANGE_LOOP_ANALYSIS = YES;
				CLANG_WARN_STRICT_PROTOTYPES = YES;
				CLANG_WARN_SUSPICIOUS_MOVE = YES;
				CLANG_WARN_UNGUARDED_AVAILABILITY = YES_AGGRESSIVE;
				CLANG_WARN_UNREACHABLE_CODE = YES;
				CLANG_WARN__DUPLICATE_METHOD_MATCH = YES;
				COPY_PHASE_STRIP = NO;
				DEBUG_INFORMATION_FORMAT = "dwarf-with-dsym";
				ENABLE_NS_ASSERTIONS = NO;
				ENABLE_STRICT_OBJC_MSGSEND = YES;
				GCC_C_LANGUAGE_STANDARD = gnu11;
				GCC_NO_COMMON_BLOCKS = YES;
				GCC_WARN_64_TO_32_BIT_CONVERSION = YES;
				GCC_WARN_ABOUT_RETURN_TYPE = YES_ERROR;
				GCC_WARN_UNDECLARED_SELECTOR = YES;
				GCC_WARN_UNINITIALIZED_AUTOS = YES_AGGRESSIVE;
				GCC_WARN_UNUSED_FUNCTION = YES;
				GCC_WARN_UNUSED_VARIABLE = YES;
				IPHONEOS_DEPLOYMENT_TARGET = 13.4;
				MTL_ENABLE_DEBUG_INFO = NO;
				MTL_FAST_MATH = YES;
				SDKROOT = iphoneos;
				SWIFT_COMPILATION_MODE = wholemodule;
				SWIFT_OPTIMIZATION_LEVEL = "-O";
				VALIDATE_PRODUCT = YES;
			};
			name = Release;
		};
		F32A79AA24721F8600F0D1AF /* Debug */ = {
			isa = XCBuildConfiguration;
			buildSettings = {
				ASSETCATALOG_COMPILER_APPICON_NAME = AppIcon;
				CODE_SIGN_STYLE = Automatic;
				DEVELOPMENT_TEAM = RLP2WF39HL;
				INFOPLIST_FILE = sidekick/Info.plist;
				LD_RUNPATH_SEARCH_PATHS = (
					"$(inherited)",
					"@executable_path/Frameworks",
				);
				PRODUCT_BUNDLE_IDENTIFIER = Melina.sidekick;
				PRODUCT_NAME = "$(TARGET_NAME)";
				SWIFT_VERSION = 5.0;
				TARGETED_DEVICE_FAMILY = "1,2";
			};
			name = Debug;
		};
		F32A79AB24721F8600F0D1AF /* Release */ = {
			isa = XCBuildConfiguration;
			buildSettings = {
				ASSETCATALOG_COMPILER_APPICON_NAME = AppIcon;
				CODE_SIGN_STYLE = Automatic;
				DEVELOPMENT_TEAM = RLP2WF39HL;
				INFOPLIST_FILE = sidekick/Info.plist;
				LD_RUNPATH_SEARCH_PATHS = (
					"$(inherited)",
					"@executable_path/Frameworks",
				);
				PRODUCT_BUNDLE_IDENTIFIER = Melina.sidekick;
				PRODUCT_NAME = "$(TARGET_NAME)";
				SWIFT_VERSION = 5.0;
				TARGETED_DEVICE_FAMILY = "1,2";
			};
			name = Release;
		};
		F32A79AD24721F8600F0D1AF /* Debug */ = {
			isa = XCBuildConfiguration;
			buildSettings = {
				ALWAYS_EMBED_SWIFT_STANDARD_LIBRARIES = YES;
				BUNDLE_LOADER = "$(TEST_HOST)";
				CODE_SIGN_STYLE = Automatic;
				DEVELOPMENT_TEAM = RLP2WF39HL;
				INFOPLIST_FILE = sidekickTests/Info.plist;
				IPHONEOS_DEPLOYMENT_TARGET = 13.4;
				LD_RUNPATH_SEARCH_PATHS = (
					"$(inherited)",
					"@executable_path/Frameworks",
					"@loader_path/Frameworks",
				);
				PRODUCT_BUNDLE_IDENTIFIER = Melina.sidekickTests;
				PRODUCT_NAME = "$(TARGET_NAME)";
				SWIFT_VERSION = 5.0;
				TARGETED_DEVICE_FAMILY = "1,2";
				TEST_HOST = "$(BUILT_PRODUCTS_DIR)/sidekick.app/sidekick";
			};
			name = Debug;
		};
		F32A79AE24721F8600F0D1AF /* Release */ = {
			isa = XCBuildConfiguration;
			buildSettings = {
				ALWAYS_EMBED_SWIFT_STANDARD_LIBRARIES = YES;
				BUNDLE_LOADER = "$(TEST_HOST)";
				CODE_SIGN_STYLE = Automatic;
				DEVELOPMENT_TEAM = RLP2WF39HL;
				INFOPLIST_FILE = sidekickTests/Info.plist;
				IPHONEOS_DEPLOYMENT_TARGET = 13.4;
				LD_RUNPATH_SEARCH_PATHS = (
					"$(inherited)",
					"@executable_path/Frameworks",
					"@loader_path/Frameworks",
				);
				PRODUCT_BUNDLE_IDENTIFIER = Melina.sidekickTests;
				PRODUCT_NAME = "$(TARGET_NAME)";
				SWIFT_VERSION = 5.0;
				TARGETED_DEVICE_FAMILY = "1,2";
				TEST_HOST = "$(BUILT_PRODUCTS_DIR)/sidekick.app/sidekick";
			};
			name = Release;
		};
		F32A79B024721F8600F0D1AF /* Debug */ = {
			isa = XCBuildConfiguration;
			buildSettings = {
				ALWAYS_EMBED_SWIFT_STANDARD_LIBRARIES = YES;
				CODE_SIGN_STYLE = Automatic;
				DEVELOPMENT_TEAM = RLP2WF39HL;
				INFOPLIST_FILE = sidekickUITests/Info.plist;
				LD_RUNPATH_SEARCH_PATHS = (
					"$(inherited)",
					"@executable_path/Frameworks",
					"@loader_path/Frameworks",
				);
				PRODUCT_BUNDLE_IDENTIFIER = Melina.sidekickUITests;
				PRODUCT_NAME = "$(TARGET_NAME)";
				SWIFT_VERSION = 5.0;
				TARGETED_DEVICE_FAMILY = "1,2";
				TEST_TARGET_NAME = sidekick;
			};
			name = Debug;
		};
		F32A79B124721F8600F0D1AF /* Release */ = {
			isa = XCBuildConfiguration;
			buildSettings = {
				ALWAYS_EMBED_SWIFT_STANDARD_LIBRARIES = YES;
				CODE_SIGN_STYLE = Automatic;
				DEVELOPMENT_TEAM = RLP2WF39HL;
				INFOPLIST_FILE = sidekickUITests/Info.plist;
				LD_RUNPATH_SEARCH_PATHS = (
					"$(inherited)",
					"@executable_path/Frameworks",
					"@loader_path/Frameworks",
				);
				PRODUCT_BUNDLE_IDENTIFIER = Melina.sidekickUITests;
				PRODUCT_NAME = "$(TARGET_NAME)";
				SWIFT_VERSION = 5.0;
				TARGETED_DEVICE_FAMILY = "1,2";
				TEST_TARGET_NAME = sidekick;
			};
			name = Release;
		};
/* End XCBuildConfiguration section */

/* Begin XCConfigurationList section */
		F32A797824721F8500F0D1AF /* Build configuration list for PBXProject "sidekick" */ = {
			isa = XCConfigurationList;
			buildConfigurations = (
				F32A79A724721F8600F0D1AF /* Debug */,
				F32A79A824721F8600F0D1AF /* Release */,
			);
			defaultConfigurationIsVisible = 0;
			defaultConfigurationName = Release;
		};
		F32A79A924721F8600F0D1AF /* Build configuration list for PBXNativeTarget "sidekick" */ = {
			isa = XCConfigurationList;
			buildConfigurations = (
				F32A79AA24721F8600F0D1AF /* Debug */,
				F32A79AB24721F8600F0D1AF /* Release */,
			);
			defaultConfigurationIsVisible = 0;
			defaultConfigurationName = Release;
		};
		F32A79AC24721F8600F0D1AF /* Build configuration list for PBXNativeTarget "sidekickTests" */ = {
			isa = XCConfigurationList;
			buildConfigurations = (
				F32A79AD24721F8600F0D1AF /* Debug */,
				F32A79AE24721F8600F0D1AF /* Release */,
			);
			defaultConfigurationIsVisible = 0;
			defaultConfigurationName = Release;
		};
		F32A79AF24721F8600F0D1AF /* Build configuration list for PBXNativeTarget "sidekickUITests" */ = {
			isa = XCConfigurationList;
			buildConfigurations = (
				F32A79B024721F8600F0D1AF /* Debug */,
				F32A79B124721F8600F0D1AF /* Release */,
			);
			defaultConfigurationIsVisible = 0;
			defaultConfigurationName = Release;
		};
/* End XCConfigurationList section */
	};
	rootObject = F32A797524721F8500F0D1AF /* Project object */;
}
